
Microsoft Visual Studio Solution File, Format Version 12.00
# Visual Studio Version 17
VisualStudioVersion = 17.10.35013.160
MinimumVisualStudioVersion = 10.0.40219.1
Project("{FAE04EC0-301F-11D3-BF4B-00C04F79EFBC}") = "ProductionAPI", "ProductionAPI.csproj", "{455427A1-31DB-495F-9C1A-CB33F751419C}"
EndProject
Global
	GlobalSection(SolutionConfigurationPlatforms) = preSolution
		Debug|Any CPU = Debug|Any CPU
		Release|Any CPU = Release|Any CPU
	EndGlobalSection
	GlobalSection(ProjectConfigurationPlatforms) = postSolution
		{455427A1-31DB-495F-9C1A-CB33F751419C}.Debug|Any CPU.ActiveCfg = Debug|Any CPU
		{455427A1-31DB-495F-9C1A-CB33F751419C}.Debug|Any CPU.Build.0 = Debug|Any CPU
		{455427A1-31DB-495F-9C1A-CB33F751419C}.Release|Any CPU.ActiveCfg = Release|Any CPU
		{455427A1-31DB-495F-9C1A-CB33F751419C}.Release|Any CPU.Build.0 = Release|Any CPU
	EndGlobalSection
	GlobalSection(SolutionProperties) = preSolution
		HideSolutionNode = FALSE
	EndGlobalSection
	GlobalSection(ExtensibilityGlobals) = postSolution
		SolutionGuid = {95BD96AB-536C-4395-85CE-2CCC56F96048}
	EndGlobalSection
EndGlobal
